
Microsoft Visual Studio Solution File, Format Version 12.00
# Visual Studio 15
VisualStudioVersion = 15.0.28306.52
MinimumVisualStudioVersion = 10.0.40219.1
Project("{FAE04EC0-301F-11D3-BF4B-00C04F79EFBC}") = "IEgypt", "IEgypt\IEgypt.csproj", "{8AE64C30-E85B-441C-81DD-287A84793A1A}"
EndProject
Global
	GlobalSection(SolutionConfigurationPlatforms) = preSolution
		Debug|Any CPU = Debug|Any CPU
		Release|Any CPU = Release|Any CPU
	EndGlobalSection
	GlobalSection(ProjectConfigurationPlatforms) = postSolution
		{8AE64C30-E85B-441C-81DD-287A84793A1A}.Debug|Any CPU.ActiveCfg = Debug|Any CPU
		{8AE64C30-E85B-441C-81DD-287A84793A1A}.Debug|Any CPU.Build.0 = Debug|Any CPU
		{8AE64C30-E85B-441C-81DD-287A84793A1A}.Release|Any CPU.ActiveCfg = Release|Any CPU
		{8AE64C30-E85B-441C-81DD-287A84793A1A}.Release|Any CPU.Build.0 = Release|Any CPU
	EndGlobalSection
	GlobalSection(SolutionProperties) = preSolution
		HideSolutionNode = FALSE
	EndGlobalSection
	GlobalSection(ExtensibilityGlobals) = postSolution
		SolutionGuid = {953BA5FA-EA6F-4047-97A1-39D97CC83772}
	EndGlobalSection
EndGlobal
